
Microsoft Visual Studio Solution File, Format Version 12.00
# Visual Studio 2012
Project("{FAE04EC0-301F-11D3-BF4B-00C04F79EFBC}") = "sj1", "第六章\sj1.csproj", "{AC93FE0E-2191-4A2A-9E6C-713CD77D9E71}"
EndProject
Project("{FAE04EC0-301F-11D3-BF4B-00C04F79EFBC}") = "sj4-1", "sj4-1\sj4-1.csproj", "{A63ECA9E-9737-4631-BEF9-082BE8269DB5}"
EndProject
Project("{FAE04EC0-301F-11D3-BF4B-00C04F79EFBC}") = "sj2", "sj2\sj2.csproj", "{A58A30F4-2E2D-4D24-B997-1ECCA870C47D}"
EndProject
Project("{FAE04EC0-301F-11D3-BF4B-00C04F79EFBC}") = "jd4-1", "jd4-1\jd4-1.csproj", "{E1CB0BA3-BCAE-4185-A294-921C6DC774A3}"
EndProject
Project("{FAE04EC0-301F-11D3-BF4B-00C04F79EFBC}") = "jd3", "jd3\jd3.csproj", "{AAA6ACA6-79DF-4CFC-9D40-161F6C772638}"
EndProject
Project("{FAE04EC0-301F-11D3-BF4B-00C04F79EFBC}") = "ATM取款机", "ATM取款机\ATM取款机.csproj", "{A56487D7-85CF-472A-B572-0280263C6300}"
EndProject
Global
	GlobalSection(SolutionConfigurationPlatforms) = preSolution
		Debug|Any CPU = Debug|Any CPU
		Release|Any CPU = Release|Any CPU
	EndGlobalSection
	GlobalSection(ProjectConfigurationPlatforms) = postSolution
		{AC93FE0E-2191-4A2A-9E6C-713CD77D9E71}.Debug|Any CPU.ActiveCfg = Debug|Any CPU
		{AC93FE0E-2191-4A2A-9E6C-713CD77D9E71}.Debug|Any CPU.Build.0 = Debug|Any CPU
		{AC93FE0E-2191-4A2A-9E6C-713CD77D9E71}.Release|Any CPU.ActiveCfg = Release|Any CPU
		{AC93FE0E-2191-4A2A-9E6C-713CD77D9E71}.Release|Any CPU.Build.0 = Release|Any CPU
		{A63ECA9E-9737-4631-BEF9-082BE8269DB5}.Debug|Any CPU.ActiveCfg = Debug|Any CPU
		{A63ECA9E-9737-4631-BEF9-082BE8269DB5}.Debug|Any CPU.Build.0 = Debug|Any CPU
		{A63ECA9E-9737-4631-BEF9-082BE8269DB5}.Release|Any CPU.ActiveCfg = Release|Any CPU
		{A63ECA9E-9737-4631-BEF9-082BE8269DB5}.Release|Any CPU.Build.0 = Release|Any CPU
		{A58A30F4-2E2D-4D24-B997-1ECCA870C47D}.Debug|Any CPU.ActiveCfg = Debug|Any CPU
		{A58A30F4-2E2D-4D24-B997-1ECCA870C47D}.Debug|Any CPU.Build.0 = Debug|Any CPU
		{A58A30F4-2E2D-4D24-B997-1ECCA870C47D}.Release|Any CPU.ActiveCfg = Release|Any CPU
		{A58A30F4-2E2D-4D24-B997-1ECCA870C47D}.Release|Any CPU.Build.0 = Release|Any CPU
		{E1CB0BA3-BCAE-4185-A294-921C6DC774A3}.Debug|Any CPU.ActiveCfg = Debug|Any CPU
		{E1CB0BA3-BCAE-4185-A294-921C6DC774A3}.Debug|Any CPU.Build.0 = Debug|Any CPU
		{E1CB0BA3-BCAE-4185-A294-921C6DC774A3}.Release|Any CPU.ActiveCfg = Release|Any CPU
		{E1CB0BA3-BCAE-4185-A294-921C6DC774A3}.Release|Any CPU.Build.0 = Release|Any CPU
		{AAA6ACA6-79DF-4CFC-9D40-161F6C772638}.Debug|Any CPU.ActiveCfg = Debug|Any CPU
		{AAA6ACA6-79DF-4CFC-9D40-161F6C772638}.Debug|Any CPU.Build.0 = Debug|Any CPU
		{AAA6ACA6-79DF-4CFC-9D40-161F6C772638}.Release|Any CPU.ActiveCfg = Release|Any CPU
		{AAA6ACA6-79DF-4CFC-9D40-161F6C772638}.Release|Any CPU.Build.0 = Release|Any CPU
		{A56487D7-85CF-472A-B572-0280263C6300}.Debug|Any CPU.ActiveCfg = Debug|Any CPU
		{A56487D7-85CF-472A-B572-0280263C6300}.Debug|Any CPU.Build.0 = Debug|Any CPU
		{A56487D7-85CF-472A-B572-0280263C6300}.Release|Any CPU.ActiveCfg = Release|Any CPU
		{A56487D7-85CF-472A-B572-0280263C6300}.Release|Any CPU.Build.0 = Release|Any CPU
	EndGlobalSection
	GlobalSection(SolutionProperties) = preSolution
		HideSolutionNode = FALSE
	EndGlobalSection
EndGlobal
